
Microsoft Visual Studio Solution File, Format Version 12.00
# Visual Studio 15
VisualStudioVersion = 15.0.27130.2027
MinimumVisualStudioVersion = 10.0.40219.1
Project("{FAE04EC0-301F-11D3-BF4B-00C04F79EFBC}") = "MainApp", "MainApp\MainApp.csproj", "{A511A123-1F53-483F-A811-0F44F3E3D968}"
EndProject
Project("{FAE04EC0-301F-11D3-BF4B-00C04F79EFBC}") = "Implementation", "Implementation\Implementation.csproj", "{7CB68B92-1835-436B-B6C4-78BDF74440A7}"
EndProject
Project("{FAE04EC0-301F-11D3-BF4B-00C04F79EFBC}") = "DBReader", "DBReader\DBReader.csproj", "{FCB5FE8B-52C3-4E6A-AE69-1399A588FD59}"
EndProject
Project("{FAE04EC0-301F-11D3-BF4B-00C04F79EFBC}") = "Interfaces", "Interfaces\Interfaces.csproj", "{932F0800-779F-4D68-AD5E-71A8FCA96B7A}"
EndProject
Project("{FAE04EC0-301F-11D3-BF4B-00C04F79EFBC}") = "Tests", "Tests\Tests.csproj", "{7C3A588A-4124-4D92-B6FC-AA64F48A64A5}"
EndProject
Project("{FAE04EC0-301F-11D3-BF4B-00C04F79EFBC}") = "Web", "Web\Web.csproj", "{F1F6B7DC-9664-48A2-AF2B-941AF0D25E13}"
EndProject
Project("{FAE04EC0-301F-11D3-BF4B-00C04F79EFBC}") = "AnagramSolver.EFCF.Core", "AnagramSolver.EFCF.Core\AnagramSolver.EFCF.Core.csproj", "{8A3606A6-2510-428D-B81F-37AE2AACC240}"
EndProject
Project("{2150E333-8FDC-42A3-9474-1A3956D46DE8}") = "DAL", "DAL", "{60EF5FEE-2573-46D1-B0E0-B868EF61328B}"
EndProject
Project("{2150E333-8FDC-42A3-9474-1A3956D46DE8}") = "Business", "Business", "{DE14089D-407B-4BF4-A30D-194824D9962F}"
EndProject
Project("{2150E333-8FDC-42A3-9474-1A3956D46DE8}") = "WebProjects", "WebProjects", "{8080BBFE-51C2-4001-8649-75A6FE3E4213}"
EndProject
Project("{FAE04EC0-301F-11D3-BF4B-00C04F79EFBC}") = "AnagramSolver.Repositories", "AnagramSolver.Repositories\AnagramSolver.Repositories.csproj", "{D4A925BA-D7D1-47C7-AAB3-67F498B74B1F}"
EndProject
Project("{FAE04EC0-301F-11D3-BF4B-00C04F79EFBC}") = "AnagramSolver.Service", "AnagramSolver.Service\AnagramSolver.Service.csproj", "{0AFE88AD-C248-4B4F-9F9E-4F5520CDCAFD}"
EndProject
Project("{FAE04EC0-301F-11D3-BF4B-00C04F79EFBC}") = "AnagramSolver.Models", "AnagramSolver.Models\AnagramSolver.Models.csproj", "{7EA972D4-516A-41F5-A5DD-13B9E0B421EB}"
EndProject
Global
	GlobalSection(SolutionConfigurationPlatforms) = preSolution
		Debug|Any CPU = Debug|Any CPU
		Release|Any CPU = Release|Any CPU
	EndGlobalSection
	GlobalSection(ProjectConfigurationPlatforms) = postSolution
		{A511A123-1F53-483F-A811-0F44F3E3D968}.Debug|Any CPU.ActiveCfg = Debug|Any CPU
		{A511A123-1F53-483F-A811-0F44F3E3D968}.Debug|Any CPU.Build.0 = Debug|Any CPU
		{A511A123-1F53-483F-A811-0F44F3E3D968}.Release|Any CPU.ActiveCfg = Release|Any CPU
		{A511A123-1F53-483F-A811-0F44F3E3D968}.Release|Any CPU.Build.0 = Release|Any CPU
		{7CB68B92-1835-436B-B6C4-78BDF74440A7}.Debug|Any CPU.ActiveCfg = Debug|Any CPU
		{7CB68B92-1835-436B-B6C4-78BDF74440A7}.Debug|Any CPU.Build.0 = Debug|Any CPU
		{7CB68B92-1835-436B-B6C4-78BDF74440A7}.Release|Any CPU.ActiveCfg = Release|Any CPU
		{7CB68B92-1835-436B-B6C4-78BDF74440A7}.Release|Any CPU.Build.0 = Release|Any CPU
		{FCB5FE8B-52C3-4E6A-AE69-1399A588FD59}.Debug|Any CPU.ActiveCfg = Debug|Any CPU
		{FCB5FE8B-52C3-4E6A-AE69-1399A588FD59}.Debug|Any CPU.Build.0 = Debug|Any CPU
		{FCB5FE8B-52C3-4E6A-AE69-1399A588FD59}.Release|Any CPU.ActiveCfg = Release|Any CPU
		{FCB5FE8B-52C3-4E6A-AE69-1399A588FD59}.Release|Any CPU.Build.0 = Release|Any CPU
		{932F0800-779F-4D68-AD5E-71A8FCA96B7A}.Debug|Any CPU.ActiveCfg = Debug|Any CPU
		{932F0800-779F-4D68-AD5E-71A8FCA96B7A}.Debug|Any CPU.Build.0 = Debug|Any CPU
		{932F0800-779F-4D68-AD5E-71A8FCA96B7A}.Release|Any CPU.ActiveCfg = Release|Any CPU
		{932F0800-779F-4D68-AD5E-71A8FCA96B7A}.Release|Any CPU.Build.0 = Release|Any CPU
		{7C3A588A-4124-4D92-B6FC-AA64F48A64A5}.Debug|Any CPU.ActiveCfg = Debug|Any CPU
		{7C3A588A-4124-4D92-B6FC-AA64F48A64A5}.Debug|Any CPU.Build.0 = Debug|Any CPU
		{7C3A588A-4124-4D92-B6FC-AA64F48A64A5}.Release|Any CPU.ActiveCfg = Release|Any CPU
		{7C3A588A-4124-4D92-B6FC-AA64F48A64A5}.Release|Any CPU.Build.0 = Release|Any CPU
		{F1F6B7DC-9664-48A2-AF2B-941AF0D25E13}.Debug|Any CPU.ActiveCfg = Debug|Any CPU
		{F1F6B7DC-9664-48A2-AF2B-941AF0D25E13}.Debug|Any CPU.Build.0 = Debug|Any CPU
		{F1F6B7DC-9664-48A2-AF2B-941AF0D25E13}.Release|Any CPU.ActiveCfg = Release|Any CPU
		{F1F6B7DC-9664-48A2-AF2B-941AF0D25E13}.Release|Any CPU.Build.0 = Release|Any CPU
		{8A3606A6-2510-428D-B81F-37AE2AACC240}.Debug|Any CPU.ActiveCfg = Debug|Any CPU
		{8A3606A6-2510-428D-B81F-37AE2AACC240}.Debug|Any CPU.Build.0 = Debug|Any CPU
		{8A3606A6-2510-428D-B81F-37AE2AACC240}.Release|Any CPU.ActiveCfg = Release|Any CPU
		{8A3606A6-2510-428D-B81F-37AE2AACC240}.Release|Any CPU.Build.0 = Release|Any CPU
		{D4A925BA-D7D1-47C7-AAB3-67F498B74B1F}.Debug|Any CPU.ActiveCfg = Debug|Any CPU
		{D4A925BA-D7D1-47C7-AAB3-67F498B74B1F}.Debug|Any CPU.Build.0 = Debug|Any CPU
		{D4A925BA-D7D1-47C7-AAB3-67F498B74B1F}.Release|Any CPU.ActiveCfg = Release|Any CPU
		{D4A925BA-D7D1-47C7-AAB3-67F498B74B1F}.Release|Any CPU.Build.0 = Release|Any CPU
		{0AFE88AD-C248-4B4F-9F9E-4F5520CDCAFD}.Debug|Any CPU.ActiveCfg = Debug|Any CPU
		{0AFE88AD-C248-4B4F-9F9E-4F5520CDCAFD}.Debug|Any CPU.Build.0 = Debug|Any CPU
		{0AFE88AD-C248-4B4F-9F9E-4F5520CDCAFD}.Release|Any CPU.ActiveCfg = Release|Any CPU
		{0AFE88AD-C248-4B4F-9F9E-4F5520CDCAFD}.Release|Any CPU.Build.0 = Release|Any CPU
		{7EA972D4-516A-41F5-A5DD-13B9E0B421EB}.Debug|Any CPU.ActiveCfg = Debug|Any CPU
		{7EA972D4-516A-41F5-A5DD-13B9E0B421EB}.Debug|Any CPU.Build.0 = Debug|Any CPU
		{7EA972D4-516A-41F5-A5DD-13B9E0B421EB}.Release|Any CPU.ActiveCfg = Release|Any CPU
		{7EA972D4-516A-41F5-A5DD-13B9E0B421EB}.Release|Any CPU.Build.0 = Release|Any CPU
	EndGlobalSection
	GlobalSection(SolutionProperties) = preSolution
		HideSolutionNode = FALSE
	EndGlobalSection
	GlobalSection(NestedProjects) = preSolution
		{A511A123-1F53-483F-A811-0F44F3E3D968} = {DE14089D-407B-4BF4-A30D-194824D9962F}
		{7CB68B92-1835-436B-B6C4-78BDF74440A7} = {DE14089D-407B-4BF4-A30D-194824D9962F}
		{FCB5FE8B-52C3-4E6A-AE69-1399A588FD59} = {60EF5FEE-2573-46D1-B0E0-B868EF61328B}
		{932F0800-779F-4D68-AD5E-71A8FCA96B7A} = {DE14089D-407B-4BF4-A30D-194824D9962F}
		{7C3A588A-4124-4D92-B6FC-AA64F48A64A5} = {8080BBFE-51C2-4001-8649-75A6FE3E4213}
		{F1F6B7DC-9664-48A2-AF2B-941AF0D25E13} = {8080BBFE-51C2-4001-8649-75A6FE3E4213}
		{8A3606A6-2510-428D-B81F-37AE2AACC240} = {60EF5FEE-2573-46D1-B0E0-B868EF61328B}
	EndGlobalSection
	GlobalSection(ExtensibilityGlobals) = postSolution
		SolutionGuid = {4A6A53EB-A02D-4CF0-BB15-81037FE85207}
	EndGlobalSection
EndGlobal
